
Microsoft Visual Studio Solution File, Format Version 12.00
# Visual Studio Version 17
VisualStudioVersion = 17.14.36401.2 d17.14
MinimumVisualStudioVersion = 10.0.40219.1
Project("{FAE04EC0-301F-11D3-BF4B-00C04F79EFBC}") = "ProgramManager", "ProgramManager\ProgramManager.csproj", "{C72ECFF3-5943-41E1-8E95-15025E0B7F68}"
EndProject
Global
	GlobalSection(SolutionConfigurationPlatforms) = preSolution
		Debug|Any CPU = Debug|Any CPU
		Release|Any CPU = Release|Any CPU
	EndGlobalSection
	GlobalSection(ProjectConfigurationPlatforms) = postSolution
		{C72ECFF3-5943-41E1-8E95-15025E0B7F68}.Debug|Any CPU.ActiveCfg = Debug|Any CPU
		{C72ECFF3-5943-41E1-8E95-15025E0B7F68}.Debug|Any CPU.Build.0 = Debug|Any CPU
		{C72ECFF3-5943-41E1-8E95-15025E0B7F68}.Release|Any CPU.ActiveCfg = Release|Any CPU
		{C72ECFF3-5943-41E1-8E95-15025E0B7F68}.Release|Any CPU.Build.0 = Release|Any CPU
	EndGlobalSection
	GlobalSection(SolutionProperties) = preSolution
		HideSolutionNode = FALSE
	EndGlobalSection
	GlobalSection(ExtensibilityGlobals) = postSolution
		SolutionGuid = {0FF72D3B-2F0B-4C43-85C7-2DBACD5631B3}
	EndGlobalSection
EndGlobal
